{
    "_meta": {
        "hash": {
            "sha256": "5e9b23b0003dd94e2a79add356cc9d9b7d5dfb6f42ec5eb23fba6da5e6e1ce59"
        },
        "pipfile-spec": 6,
        "requires": {
            "python_version": "3.12"
        },
        "sources": [
            {
                "name": "pypi",
                "url": "https://pypi.org/simple",
                "verify_ssl": true
            }
        ]
    },
    "default": {
        "asgiref": {
            "hashes": [
                "sha256:89b2ef2247e3b562a16eef663bc0e2e703ec6468e2fa8a5cd61cd449786d4f6e",
                "sha256:9e0ce3aa93a819ba5b45120216b23878cf6e8525eb3848653452b4192b92afed"
            ],
            "markers": "python_version >= '3.7'",
            "version": "==3.7.2"
        },
        "crispy-bootstrap4": {
            "hashes": [
                "sha256:5241ab1dc2188c95560aa786439bcbedec7416e6b0f5a52dded82380810367ec",
                "sha256:f18386c4d96180c1bb1212487d6e8f5a3dd1a9bb58d3032183973d4d130b55f9"
            ],
            "index": "pypi",
            "markers": "python_version >= '3.7'",
            "version": "==2022.1"
        },
        "django": {
            "hashes": [
                "sha256:031ccb717782f6af83a0063a1957686e87cb4581ea61b47b3e9addf60687989a",
                "sha256:032f8a6fc7cf05ccd1214e4a2e21dfcd6a23b9d575c6573cacc8c67828dbe642"
            ],
            "index": "pypi",
            "markers": "python_version >= '3.8'",
            "version": "==4.1"
        },
        "django-crispy": {
            "hashes": [
                "sha256:b0b1723b6c1fada8bffbe3851233e9d438b43197fe0a09d6fdde82485c23a811"
            ],
            "index": "pypi",
            "version": "==1.8.1"
        },
        "django-crispy-forms": {
            "hashes": [
                "sha256:35887b8851a931374dd697207a8f56c57a9c5cb9dbf0b9fa54314da5666cea5b",
                "sha256:bc4d2037f6de602d39c0bc452ac3029d1f5d65e88458872cc4dbc01c3a400604"
            ],
            "index": "pypi",
            "markers": "python_version >= '3.7'",
            "version": "==1.14.0"
        },
        "django-debug-toolbar": {
            "hashes": [
                "sha256:644bbd5c428d3283aa9115722471769cac1bec189edf3a0c855fd8ff870375a9",
                "sha256:6b633b6cfee24f232d73569870f19aa86c819d750e7f3e833f2344a9eb4b4409"
            ],
            "index": "pypi",
            "markers": "python_version >= '3.6'",
            "version": "==3.2.4"
        },
        "flake8": {
            "hashes": [
                "sha256:6fbe320aad8d6b95cec8b8e47bc933004678dc63095be98528b7bdd2a9f510db",
                "sha256:7a1cf6b73744f5806ab95e526f6f0d8c01c66d7bbe349562d22dfca20610b248"
            ],
            "index": "pypi",
            "markers": "python_full_version >= '3.6.1'",
            "version": "==5.0.4"
        },
        "flake8-quotes": {
            "hashes": [
                "sha256:633adca6fb8a08131536af0d750b44d6985b9aba46f498871e21588c3e6f525a"
            ],
            "index": "pypi",
            "version": "==3.3.1"
        },
        "flake8-variables-names": {
            "hashes": [
                "sha256:30133e14ee2300e13a60393a00f74d98110c76070ac67d1ab91606f02824a7e1",
                "sha256:e3277031696bbe10b5132b49938cde1d70fcae9561533b7bd7ab8e69cb27addb"
            ],
            "index": "pypi",
            "markers": "python_version >= '3.7'",
            "version": "==0.0.5"
        },
        "mccabe": {
            "hashes": [
                "sha256:348e0240c33b60bbdf4e523192ef919f28cb2c3d7d5c7794f74009290f236325",
                "sha256:6c2d30ab6be0e4a46919781807b4f0d834ebdd6c6e3dca0bda5a15f863427b6e"
            ],
            "markers": "python_version >= '3.6'",
            "version": "==0.7.0"
        },
        "pep8-naming": {
            "hashes": [
                "sha256:59e29e55c478db69cffbe14ab24b5bd2cd615c0413edf790d47d3fb7ba9a4e23",
                "sha256:93eef62f525fd12a6f8c98f4dcc17fa70baae2f37fa1f73bec00e3e44392fa48"
            ],
            "index": "pypi",
            "markers": "python_version >= '3.7'",
            "version": "==0.13.2"
        },
        "pycodestyle": {
            "hashes": [
                "sha256:2c9607871d58c76354b697b42f5d57e1ada7d261c261efac224b664affdc5785",
                "sha256:d1735fc58b418fd7c5f658d28d943854f8a849b01a5d0a1e6f3f3fdd0166804b"
            ],
            "markers": "python_version >= '3.6'",
            "version": "==2.9.1"
        },
        "pyflakes": {
            "hashes": [
                "sha256:4579f67d887f804e67edb544428f264b7b24f435b263c4614f384135cea553d2",
                "sha256:491feb020dca48ccc562a8c0cbe8df07ee13078df59813b83959cbdada312ea3"
            ],
            "markers": "python_version >= '3.6'",
            "version": "==2.5.0"
        },
        "sqlparse": {
            "hashes": [
                "sha256:5430a4fe2ac7d0f93e66f1efc6e1338a41884b7ddf2a350cedd20ccc4d9d28f3",
                "sha256:d446183e84b8349fa3061f0fe7f06ca94ba65b426946ffebe6e3e8295332420c"
            ],
            "markers": "python_version >= '3.5'",
            "version": "==0.4.4"
        },
        "tzdata": {
            "hashes": [
                "sha256:2674120f8d891909751c38abcdfd386ac0a5a1127954fbc332af6b5ceae07efd",
                "sha256:9068bc196136463f5245e51efda838afa15aaeca9903f49050dfa2679db4d252"
            ],
            "markers": "sys_platform == 'win32'",
            "version": "==2024.1"
        }
    },
    "develop": {}
}
